
Microsoft Visual Studio Solution File, Format Version 12.00
# Visual Studio 15
VisualStudioVersion = 15.0.28010.2036
MinimumVisualStudioVersion = 10.0.40219.1
Project("{FAE04EC0-301F-11D3-BF4B-00C04F79EFBC}") = "Interface_virtual_method", "Interface_virtual_method\Interface_virtual_method.csproj", "{52FB57D7-493D-4EB5-ADE0-40D4EFE7B8C9}"
EndProject
Global
	GlobalSection(SolutionConfigurationPlatforms) = preSolution
		Debug|Any CPU = Debug|Any CPU
		Release|Any CPU = Release|Any CPU
	EndGlobalSection
	GlobalSection(ProjectConfigurationPlatforms) = postSolution
		{52FB57D7-493D-4EB5-ADE0-40D4EFE7B8C9}.Debug|Any CPU.ActiveCfg = Debug|Any CPU
		{52FB57D7-493D-4EB5-ADE0-40D4EFE7B8C9}.Debug|Any CPU.Build.0 = Debug|Any CPU
		{52FB57D7-493D-4EB5-ADE0-40D4EFE7B8C9}.Release|Any CPU.ActiveCfg = Release|Any CPU
		{52FB57D7-493D-4EB5-ADE0-40D4EFE7B8C9}.Release|Any CPU.Build.0 = Release|Any CPU
	EndGlobalSection
	GlobalSection(SolutionProperties) = preSolution
		HideSolutionNode = FALSE
	EndGlobalSection
	GlobalSection(ExtensibilityGlobals) = postSolution
		SolutionGuid = {5EDBCA88-FD97-4D8B-81A2-7C56315BB024}
	EndGlobalSection
EndGlobal
